
Microsoft Visual Studio Solution File, Format Version 12.00
# Visual Studio Express 2012 for Web
Project("{FAE04EC0-301F-11D3-BF4B-00C04F79EFBC}") = "Practice", "Practice\Practice.csproj", "{60C0C27A-C37F-4F51-9D31-CFD39DB1723F}"
EndProject
Project("{FAE04EC0-301F-11D3-BF4B-00C04F79EFBC}") = "Practice.Tests", "Practice.Tests\Practice.Tests.csproj", "{A89B0054-87F7-4B36-986B-CE92B14E1077}"
EndProject
Global
	GlobalSection(SolutionConfigurationPlatforms) = preSolution
		Debug|Any CPU = Debug|Any CPU
		Release|Any CPU = Release|Any CPU
	EndGlobalSection
	GlobalSection(ProjectConfigurationPlatforms) = postSolution
		{60C0C27A-C37F-4F51-9D31-CFD39DB1723F}.Debug|Any CPU.ActiveCfg = Debug|Any CPU
		{60C0C27A-C37F-4F51-9D31-CFD39DB1723F}.Debug|Any CPU.Build.0 = Debug|Any CPU
		{60C0C27A-C37F-4F51-9D31-CFD39DB1723F}.Release|Any CPU.ActiveCfg = Release|Any CPU
		{60C0C27A-C37F-4F51-9D31-CFD39DB1723F}.Release|Any CPU.Build.0 = Release|Any CPU
		{A89B0054-87F7-4B36-986B-CE92B14E1077}.Debug|Any CPU.ActiveCfg = Debug|Any CPU
		{A89B0054-87F7-4B36-986B-CE92B14E1077}.Debug|Any CPU.Build.0 = Debug|Any CPU
		{A89B0054-87F7-4B36-986B-CE92B14E1077}.Release|Any CPU.ActiveCfg = Release|Any CPU
		{A89B0054-87F7-4B36-986B-CE92B14E1077}.Release|Any CPU.Build.0 = Release|Any CPU
	EndGlobalSection
	GlobalSection(SolutionProperties) = preSolution
		HideSolutionNode = FALSE
	EndGlobalSection
EndGlobal
